{
  "name": "BitsNBytes",
  "lockfileVersion": 2,
  "requires": true,
  "packages": {
    "": {
      "dependencies": {
        "@heroicons/vue": "^1.0.6"
      }
    },
    "node_modules/@heroicons/vue": {
      "version": "1.0.6",
      "resolved": "https://registry.npmjs.org/@heroicons/vue/-/vue-1.0.6.tgz",
      "integrity": "sha512-ng2YcCQrdoQWEFpw+ipFl2rZo8mZ56v0T5+MyfQQvNqfKChwgP6DMloZLW+rl17GEcHkE3H82UTAMKBKZr4+WA==",
      "peerDependencies": {
        "vue": ">= 3"
      }
    }
  },
  "dependencies": {
    "@heroicons/vue": {
      "version": "1.0.6",
      "resolved": "https://registry.npmjs.org/@heroicons/vue/-/vue-1.0.6.tgz",
      "integrity": "sha512-ng2YcCQrdoQWEFpw+ipFl2rZo8mZ56v0T5+MyfQQvNqfKChwgP6DMloZLW+rl17GEcHkE3H82UTAMKBKZr4+WA==",
      "requires": {}
    }
  }
}
